[[package]]
name = "alabaster"
version = "1.0.0"
description = "A light, configurable Sphinx theme"
category = "dev"
optional = false
python-versions = ">=3.10"

[[package]]
name = "babel"
version = "2.16.0"
description = "Internationalization utilities"
category = "dev"
optional = false
python-versions = ">=3.8"

[package.extras]
dev = ["pytest (>=6.0)", "pytest-cov", "freezegun (>=1.0,<2.0)"]

[[package]]
name = "bandit"
version = "1.7.10"
description = "Security oriented static analyser for python code."
category = "dev"
optional = false
python-versions = ">=3.8"

[package.dependencies]
colorama = {version = ">=0.3.9", markers = "platform_system == \"Windows\""}
PyYAML = ">=5.3.1"
rich = "*"
stevedore = ">=1.20.0"

[package.extras]
baseline = ["GitPython (>=3.1.30)"]
sarif = ["sarif-om (>=1.0.4)", "jschema-to-python (>=1.2.3)"]
test = ["coverage (>=4.5.4)", "fixtures (>=3.0.0)", "flake8 (>=4.0.0)", "stestr (>=2.5.0)", "testscenarios (>=0.5.0)", "testtools (>=2.3.0)", "beautifulsoup4 (>=4.8.0)", "pylint (==1.9.4)"]
toml = ["tomli (>=1.1.0)"]
yaml = ["pyyaml"]

[[package]]
name = "black"
version = "24.10.0"
description = "The uncompromising code formatter."
category = "dev"
optional = false
python-versions = ">=3.9"

[package.dependencies]
click = ">=8.0.0"
mypy-extensions = ">=0.4.3"
packaging = ">=22.0"
pathspec = ">=0.9.0"
platformdirs = ">=2"
tomli = {version = ">=1.1.0", markers = "python_version < \"3.11\""}
typing-extensions = {version = ">=4.0.1", markers = "python_version < \"3.11\""}

[package.extras]
colorama = ["colorama (>=0.4.3)"]
d = ["aiohttp (>=3.10)"]
jupyter = ["ipython (>=7.8.0)", "tokenize-rt (>=3.2.0)"]
uvloop = ["uvloop (>=0.15.2)"]

[[package]]
name = "blinker"
version = "1.8.2"
description = "Fast, simple object-to-object and broadcast signaling"
category = "main"
optional = false
python-versions = ">=3.8"

[[package]]
name = "certifi"
version = "2024.8.30"
description = "Python package for providing Mozilla's CA Bundle."
category = "dev"
optional = false
python-versions = ">=3.6"

[[package]]
name = "charset-normalizer"
version = "3.4.0"
description = "The Real First Universal Charset Detector. Open, modern and actively maintained alternative to Chardet."
category = "dev"
optional = false
python-versions = ">=3.7.0"

[[package]]
name = "click"
version = "8.1.7"
description = "Composable command line interface toolkit"
category = "main"
optional = false
python-versions = ">=3.7"

[package.dependencies]
colorama = {version = "*", markers = "platform_system == \"Windows\""}

[[package]]
name = "colorama"
version = "0.4.6"
description = "Cross-platform colored terminal text."
category = "main"
optional = false
python-versions = "!=3.0.*,!=3.1.*,!=3.2.*,!=3.3.*,!=3.4.*,!=3.5.*,!=3.6.*,>=2.7"

[[package]]
name = "coverage"
version = "7.6.7"
description = "Code coverage measurement for Python"
category = "dev"
optional = false
python-versions = ">=3.9"

[package.dependencies]
tomli = {version = "*", optional = true, markers = "python_full_version <= \"3.11.0a6\" and extra == \"toml\""}

[package.extras]
toml = ["tomli"]

[[package]]
name = "docutils"
version = "0.21.2"
description = "Docutils -- Python Documentation Utilities"
category = "dev"
optional = false
python-versions = ">=3.9"

[[package]]
name = "exceptiongroup"
version = "1.2.2"
description = "Backport of PEP 654 (exception groups)"
category = "dev"
optional = false
python-versions = ">=3.7"

[package.extras]
test = ["pytest (>=6)"]

[[package]]
name = "flake8"
version = "7.1.1"
description = "the modular source code checker: pep8 pyflakes and co"
category = "dev"
optional = false
python-versions = ">=3.8.1"

[package.dependencies]
mccabe = ">=0.7.0,<0.8.0"
pycodestyle = ">=2.12.0,<2.13.0"
pyflakes = ">=3.2.0,<3.3.0"

[[package]]
name = "flask"
version = "3.0.3"
description = "A simple framework for building complex web applications."
category = "main"
optional = false
python-versions = ">=3.8"

[package.dependencies]
blinker = ">=1.6.2"
click = ">=8.1.3"
itsdangerous = ">=2.1.2"
Jinja2 = ">=3.1.2"
Werkzeug = ">=3.0.0"

[package.extras]
async = ["asgiref (>=3.2)"]
dotenv = ["python-dotenv"]

[[package]]
name = "idna"
version = "3.10"
description = "Internationalized Domain Names in Applications (IDNA)"
category = "dev"
optional = false
python-versions = ">=3.6"

[package.extras]
all = ["ruff (>=0.6.2)", "mypy (>=1.11.2)", "pytest (>=8.3.2)", "flake8 (>=7.1.1)"]

[[package]]
name = "imagesize"
version = "1.4.1"
description = "Getting image size from png/jpeg/jpeg2000/gif file"
category = "dev"
optional = false
python-versions = ">=2.7, !=3.0.*, !=3.1.*, !=3.2.*, !=3.3.*"

[[package]]
name = "iniconfig"
version = "2.0.0"
description = "brain-dead simple config-ini parsing"
category = "dev"
optional = false
python-versions = ">=3.7"

[[package]]
name = "itsdangerous"
version = "2.2.0"
description = "Safely pass data to untrusted environments and back."
category = "main"
optional = false
python-versions = ">=3.8"

[[package]]
name = "jinja2"
version = "3.1.4"
description = "A very fast and expressive template engine."
category = "main"
optional = false
python-versions = ">=3.7"

[package.dependencies]
MarkupSafe = ">=2.0"

[package.extras]
i18n = ["Babel (>=2.7)"]

[[package]]
name = "markdown-it-py"
version = "3.0.0"
description = "Python port of markdown-it. Markdown parsing, done right!"
category = "dev"
optional = false
python-versions = ">=3.8"

[package.dependencies]
mdurl = ">=0.1,<1.0"

[package.extras]
benchmarking = ["psutil", "pytest", "pytest-benchmark"]
code_style = ["pre-commit (>=3.0,<4.0)"]
compare = ["commonmark (>=0.9,<1.0)", "markdown (>=3.4,<4.0)", "mistletoe (>=1.0,<2.0)", "mistune (>=2.0,<3.0)", "panflute (>=2.3,<3.0)"]
linkify = ["linkify-it-py (>=1,<3)"]
plugins = ["mdit-py-plugins"]
profiling = ["gprof2dot"]
rtd = ["mdit-py-plugins", "myst-parser", "pyyaml", "sphinx", "sphinx-copybutton", "sphinx-design", "sphinx-book-theme", "jupyter-sphinx"]
testing = ["coverage", "pytest", "pytest-cov", "pytest-regressions"]

[[package]]
name = "markupsafe"
version = "3.0.2"
description = "Safely add untrusted strings to HTML/XML markup."
category = "main"
optional = false
python-versions = ">=3.9"

[[package]]
name = "mccabe"
version = "0.7.0"
description = "McCabe checker, plugin for flake8"
category = "dev"
optional = false
python-versions = ">=3.6"

[[package]]
name = "mdurl"
version = "0.1.2"
description = "Markdown URL utilities"
category = "dev"
optional = false
python-versions = ">=3.7"

[[package]]
name = "mypy-extensions"
version = "1.0.0"
description = "Type system extensions for programs checked with the mypy type checker."
category = "dev"
optional = false
python-versions = ">=3.5"

[[package]]
name = "numpy"
version = "2.1.2"
description = "Fundamental package for array computing in Python"
category = "main"
optional = false
python-versions = ">=3.10"

[[package]]
name = "packaging"
version = "24.1"
description = "Core utilities for Python packages"
category = "dev"
optional = false
python-versions = ">=3.8"

[[package]]
name = "pathspec"
version = "0.12.1"
description = "Utility library for gitignore style pattern matching of file paths."
category = "dev"
optional = false
python-versions = ">=3.8"

[[package]]
name = "pbr"
version = "6.1.0"
description = "Python Build Reasonableness"
category = "dev"
optional = false
python-versions = ">=2.6"

[[package]]
name = "platformdirs"
version = "4.3.6"
description = "A small Python package for determining appropriate platform-specific dirs, e.g. a `user data dir`."
category = "dev"
optional = false
python-versions = ">=3.8"

[package.extras]
docs = ["furo (>=2024.8.6)", "proselint (>=0.14)", "sphinx-autodoc-typehints (>=2.4)", "sphinx (>=8.0.2)"]
test = ["appdirs (==1.4.4)", "covdefaults (>=2.3)", "pytest-cov (>=5)", "pytest-mock (>=3.14)", "pytest (>=8.3.2)"]
type = ["mypy (>=1.11.2)"]

[[package]]
name = "pluggy"
version = "1.5.0"
description = "plugin and hook calling mechanisms for python"
category = "dev"
optional = false
python-versions = ">=3.8"

[package.extras]
dev = ["pre-commit", "tox"]
testing = ["pytest", "pytest-benchmark"]

[[package]]
name = "pycodestyle"
version = "2.12.1"
description = "Python style guide checker"
category = "dev"
optional = false
python-versions = ">=3.8"

[[package]]
name = "pyflakes"
version = "3.2.0"
description = "passive checker of Python programs"
category = "dev"
optional = false
python-versions = ">=3.8"

[[package]]
name = "pygments"
version = "2.18.0"
description = "Pygments is a syntax highlighting package written in Python."
category = "dev"
optional = false
python-versions = ">=3.8"

[package.extras]
windows-terminal = ["colorama (>=0.4.6)"]

[[package]]
name = "pytest"
version = "8.3.3"
description = "pytest: simple powerful testing with Python"
category = "dev"
optional = false
python-versions = ">=3.8"

[package.dependencies]
colorama = {version = "*", markers = "sys_platform == \"win32\""}
exceptiongroup = {version = ">=1.0.0rc8", markers = "python_version < \"3.11\""}
iniconfig = "*"
packaging = "*"
pluggy = ">=1.5,<2"
tomli = {version = ">=1", markers = "python_version < \"3.11\""}

[package.extras]
dev = ["argcomplete", "attrs (>=19.2)", "hypothesis (>=3.56)", "mock", "pygments (>=2.7.2)", "requests", "setuptools", "xmlschema"]

[[package]]
name = "pytest-cov"
version = "5.0.0"
description = "Pytest plugin for measuring coverage."
category = "dev"
optional = false
python-versions = ">=3.8"

[package.dependencies]
coverage = {version = ">=5.2.1", extras = ["toml"]}
pytest = ">=4.6"

[package.extras]
testing = ["fields", "hunter", "process-tests", "pytest-xdist", "virtualenv"]

[[package]]
name = "pyyaml"
version = "6.0.2"
description = "YAML parser and emitter for Python"
category = "dev"
optional = false
python-versions = ">=3.8"

[[package]]
name = "requests"
version = "2.32.3"
description = "Python HTTP for Humans."
category = "dev"
optional = false
python-versions = ">=3.8"

[package.dependencies]
certifi = ">=2017.4.17"
charset-normalizer = ">=2,<4"
idna = ">=2.5,<4"
urllib3 = ">=1.21.1,<3"

[package.extras]
socks = ["PySocks (>=1.5.6,!=1.5.7)"]
use-chardet-on-py3 = ["chardet (>=3.0.2,<6)"]

[[package]]
name = "rich"
version = "13.9.2"
description = "Render rich text, tables, progress bars, syntax highlighting, markdown and more to the terminal"
category = "dev"
optional = false
python-versions = ">=3.8.0"

[package.dependencies]
markdown-it-py = ">=2.2.0"
pygments = ">=2.13.0,<3.0.0"
typing-extensions = {version = ">=4.0.0,<5.0", markers = "python_version < \"3.11\""}

[package.extras]
jupyter = ["ipywidgets (>=7.5.1,<9)"]

[[package]]
name = "snowballstemmer"
version = "2.2.0"
description = "This package provides 29 stemmers for 28 languages generated from Snowball algorithms."
category = "dev"
optional = false
python-versions = "*"

[[package]]
name = "sphinx"
version = "8.1.3"
description = "Python documentation generator"
category = "dev"
optional = false
python-versions = ">=3.10"

[package.dependencies]
alabaster = ">=0.7.14"
babel = ">=2.13"
colorama = {version = ">=0.4.6", markers = "sys_platform == \"win32\""}
docutils = ">=0.20,<0.22"
imagesize = ">=1.3"
Jinja2 = ">=3.1"
packaging = ">=23.0"
Pygments = ">=2.17"
requests = ">=2.30.0"
snowballstemmer = ">=2.2"
sphinxcontrib-applehelp = ">=1.0.7"
sphinxcontrib-devhelp = ">=1.0.6"
sphinxcontrib-htmlhelp = ">=2.0.6"
sphinxcontrib-jsmath = ">=1.0.1"
sphinxcontrib-qthelp = ">=1.0.6"
sphinxcontrib-serializinghtml = ">=1.1.9"
tomli = {version = ">=2", markers = "python_version < \"3.11\""}

[package.extras]
docs = ["sphinxcontrib-websupport"]
lint = ["flake8 (>=6.0)", "ruff (==0.6.9)", "mypy (==1.11.1)", "sphinx-lint (>=0.9)", "types-colorama (==0.4.15.20240311)", "types-defusedxml (==0.7.0.20240218)", "types-docutils (==0.21.0.20241005)", "types-Pillow (==10.2.0.20240822)", "types-Pygments (==2.18.0.20240506)", "types-requests (==2.32.0.20240914)", "types-urllib3 (==1.26.25.14)", "tomli (>=2)", "pyright (==1.1.384)", "pytest (>=6.0)"]
test = ["pytest (>=8.0)", "defusedxml (>=0.7.1)", "cython (>=3.0)", "setuptools (>=70.0)", "typing_extensions (>=4.9)"]

[[package]]
name = "sphinxcontrib-applehelp"
version = "2.0.0"
description = "sphinxcontrib-applehelp is a Sphinx extension which outputs Apple help books"
category = "dev"
optional = false
python-versions = ">=3.9"

[package.extras]
lint = ["ruff (==0.5.5)", "mypy", "types-docutils"]
standalone = ["Sphinx (>=5)"]
test = ["pytest"]

[[package]]
name = "sphinxcontrib-devhelp"
version = "2.0.0"
description = "sphinxcontrib-devhelp is a sphinx extension which outputs Devhelp documents"
category = "dev"
optional = false
python-versions = ">=3.9"

[package.extras]
lint = ["ruff (==0.5.5)", "mypy", "types-docutils"]
standalone = ["Sphinx (>=5)"]
test = ["pytest"]

[[package]]
name = "sphinxcontrib-htmlhelp"
version = "2.1.0"
description = "sphinxcontrib-htmlhelp is a sphinx extension which renders HTML help files"
category = "dev"
optional = false
python-versions = ">=3.9"

[package.extras]
lint = ["ruff (==0.5.5)", "mypy", "types-docutils"]
standalone = ["Sphinx (>=5)"]
test = ["pytest", "html5lib"]

[[package]]
name = "sphinxcontrib-jsmath"
version = "1.0.1"
description = "A sphinx extension which renders display math in HTML via JavaScript"
category = "dev"
optional = false
python-versions = ">=3.5"

[package.extras]
test = ["pytest", "flake8", "mypy"]

[[package]]
name = "sphinxcontrib-qthelp"
version = "2.0.0"
description = "sphinxcontrib-qthelp is a sphinx extension which outputs QtHelp documents"
category = "dev"
optional = false
python-versions = ">=3.9"

[package.extras]
lint = ["ruff (==0.5.5)", "mypy", "types-docutils"]
standalone = ["Sphinx (>=5)"]
test = ["pytest", "defusedxml (>=0.7.1)"]

[[package]]
name = "sphinxcontrib-serializinghtml"
version = "2.0.0"
description = "sphinxcontrib-serializinghtml is a sphinx extension which outputs \"serialized\" HTML files (json and pickle)"
category = "dev"
optional = false
python-versions = ">=3.9"

[package.extras]
lint = ["ruff (==0.5.5)", "mypy", "types-docutils"]
standalone = ["Sphinx (>=5)"]
test = ["pytest"]

[[package]]
name = "stevedore"
version = "5.3.0"
description = "Manage dynamic plugins for Python applications"
category = "dev"
optional = false
python-versions = ">=3.8"

[package.dependencies]
pbr = ">=2.0.0"

[[package]]
name = "tomli"
version = "2.0.2"
description = "A lil' TOML parser"
category = "dev"
optional = false
python-versions = ">=3.8"

[[package]]
name = "typing-extensions"
version = "4.12.2"
description = "Backported and Experimental Type Hints for Python 3.8+"
category = "dev"
optional = false
python-versions = ">=3.8"

[[package]]
name = "urllib3"
version = "2.2.3"
description = "HTTP library with thread-safe connection pooling, file post, and more."
category = "dev"
optional = false
python-versions = ">=3.8"

[package.extras]
brotli = ["brotli (>=1.0.9)", "brotlicffi (>=0.8.0)"]
h2 = ["h2 (>=4,<5)"]
socks = ["pysocks (>=1.5.6,!=1.5.7,<2.0)"]
zstd = ["zstandard (>=0.18.0)"]

[[package]]
name = "werkzeug"
version = "3.0.6"
description = "The comprehensive WSGI web application library."
category = "main"
optional = false
python-versions = ">=3.8"

[package.dependencies]
MarkupSafe = ">=2.1.1"

[package.extras]
watchdog = ["watchdog (>=2.3)"]

[metadata]
lock-version = "1.1"
python-versions = "^3.10"
content-hash = "9497147baf229f43db2a0c6df0c6de47d52122392ad6aaae2c9e39dae722cf8b"

[metadata.files]
alabaster = []
babel = []
bandit = []
black = []
blinker = []
certifi = []
charset-normalizer = []
click = []
colorama = []
coverage = []
docutils = []
exceptiongroup = []
flake8 = []
flask = []
idna = []
imagesize = []
iniconfig = []
itsdangerous = []
jinja2 = []
markdown-it-py = []
markupsafe = []
mccabe = []
mdurl = []
mypy-extensions = []
numpy = []
packaging = []
pathspec = []
pbr = []
platformdirs = []
pluggy = []
pycodestyle = []
pyflakes = []
pygments = []
pytest = []
pytest-cov = []
pyyaml = []
requests = []
rich = []
snowballstemmer = []
sphinx = []
sphinxcontrib-applehelp = []
sphinxcontrib-devhelp = []
sphinxcontrib-htmlhelp = []
sphinxcontrib-jsmath = []
sphinxcontrib-qthelp = []
sphinxcontrib-serializinghtml = []
stevedore = []
tomli = []
typing-extensions = []
urllib3 = []
werkzeug = []
